
Microsoft Visual Studio Solution File, Format Version 12.00
# Visual Studio 15
VisualStudioVersion = 15.0.27428.2011
MinimumVisualStudioVersion = 10.0.40219.1
Project("{9A19103F-16F7-4668-BE54-9A1E7A4F7556}") = "Mall.Core", "Mall.Core\Mall.Core.csproj", "{A5391BFA-AD60-4A82-B551-38925C313404}"
EndProject
Project("{9A19103F-16F7-4668-BE54-9A1E7A4F7556}") = "Mall.Web", "Mall.Web\Mall.Web.csproj", "{D04AB27B-D750-4BD3-AACE-F9CABD663B27}"
EndProject
Project("{9A19103F-16F7-4668-BE54-9A1E7A4F7556}") = "Mall.Infrastructure", "Mall.Infrastructure\Mall.Infrastructure.csproj", "{66D987D2-5EF8-4AFA-A92B-42EE4D6B8BB2}"
EndProject
Project("{2150E333-8FDC-42A3-9474-1A3956D46DE8}") = "0.Infrastructure", "0.Infrastructure", "{064691BC-FBBF-4663-9D9E-DF085544ACBD}"
EndProject
Project("{9A19103F-16F7-4668-BE54-9A1E7A4F7556}") = "Mall.Domain.Order", "Mall.Domain.Order\Mall.Domain.Order.csproj", "{0E25E724-E0AB-4F13-B14A-671139178E95}"
EndProject
Project("{2150E333-8FDC-42A3-9474-1A3956D46DE8}") = "1.Domain", "1.Domain", "{828F1F08-A370-4943-A5A2-EC2BC203036F}"
EndProject
Project("{9A19103F-16F7-4668-BE54-9A1E7A4F7556}") = "Mall.Domain.Product", "Mall.Domain.Product\Mall.Domain.Product.csproj", "{F2D42E98-AF50-4D22-915C-8BC3633D91B5}"
EndProject
Project("{9A19103F-16F7-4668-BE54-9A1E7A4F7556}") = "Mall.Domain.Member", "Mall.Domain.Member\Mall.Domain.Member.csproj", "{D58CB134-95A2-4117-B459-99B4A62FA75F}"
EndProject
Project("{2150E333-8FDC-42A3-9474-1A3956D46DE8}") = "3.UI", "3.UI", "{A5FE0F0A-F0E1-42EB-828C-D7178283019C}"
EndProject
Project("{2150E333-8FDC-42A3-9474-1A3956D46DE8}") = "2.Application", "2.Application", "{D228B14F-B8D9-44D5-8359-0522676CDC99}"
EndProject
Project("{9A19103F-16F7-4668-BE54-9A1E7A4F7556}") = "Mall.Domain.Market", "Mall.Domain.Market\Mall.Domain.Market.csproj", "{9AD5E0FF-AB5C-4215-86EF-2196378CEBCB}"
EndProject
Project("{9A19103F-16F7-4668-BE54-9A1E7A4F7556}") = "Mall.Infrastructure.Translators", "Mall.Infrastructure.Translators\Mall.Infrastructure.Translators.csproj", "{D693F686-9CDB-4F38-A7F6-2FFB58D51CF4}"
EndProject
Project("{9A19103F-16F7-4668-BE54-9A1E7A4F7556}") = "Mall.Infrastructure.Repertories", "Mall.Infrastructure.Repertories\Mall.Infrastructure.Repertories.csproj", "{8B082623-CE7B-4E24-9DBE-42A588ECC5DB}"
EndProject
Project("{FAE04EC0-301F-11D3-BF4B-00C04F79EFBC}") = "Mall.Application", "Mall.Application\Mall.Application.csproj", "{85520D04-9422-440F-AB60-69B6AFC66C6D}"
EndProject
Project("{FAE04EC0-301F-11D3-BF4B-00C04F79EFBC}") = "Mall.DomainService", "Mall.DomainService\Mall.DomainService.csproj", "{04AACD96-EBC0-4FF4-B430-7BCC8D446444}"
EndProject
Global
	GlobalSection(SolutionConfigurationPlatforms) = preSolution
		Debug|Any CPU = Debug|Any CPU
		Release|Any CPU = Release|Any CPU
	EndGlobalSection
	GlobalSection(ProjectConfigurationPlatforms) = postSolution
		{A5391BFA-AD60-4A82-B551-38925C313404}.Debug|Any CPU.ActiveCfg = Debug|Any CPU
		{A5391BFA-AD60-4A82-B551-38925C313404}.Debug|Any CPU.Build.0 = Debug|Any CPU
		{A5391BFA-AD60-4A82-B551-38925C313404}.Release|Any CPU.ActiveCfg = Release|Any CPU
		{A5391BFA-AD60-4A82-B551-38925C313404}.Release|Any CPU.Build.0 = Release|Any CPU
		{D04AB27B-D750-4BD3-AACE-F9CABD663B27}.Debug|Any CPU.ActiveCfg = Debug|Any CPU
		{D04AB27B-D750-4BD3-AACE-F9CABD663B27}.Debug|Any CPU.Build.0 = Debug|Any CPU
		{D04AB27B-D750-4BD3-AACE-F9CABD663B27}.Release|Any CPU.ActiveCfg = Release|Any CPU
		{D04AB27B-D750-4BD3-AACE-F9CABD663B27}.Release|Any CPU.Build.0 = Release|Any CPU
		{66D987D2-5EF8-4AFA-A92B-42EE4D6B8BB2}.Debug|Any CPU.ActiveCfg = Debug|Any CPU
		{66D987D2-5EF8-4AFA-A92B-42EE4D6B8BB2}.Debug|Any CPU.Build.0 = Debug|Any CPU
		{66D987D2-5EF8-4AFA-A92B-42EE4D6B8BB2}.Release|Any CPU.ActiveCfg = Release|Any CPU
		{66D987D2-5EF8-4AFA-A92B-42EE4D6B8BB2}.Release|Any CPU.Build.0 = Release|Any CPU
		{0E25E724-E0AB-4F13-B14A-671139178E95}.Debug|Any CPU.ActiveCfg = Debug|Any CPU
		{0E25E724-E0AB-4F13-B14A-671139178E95}.Debug|Any CPU.Build.0 = Debug|Any CPU
		{0E25E724-E0AB-4F13-B14A-671139178E95}.Release|Any CPU.ActiveCfg = Release|Any CPU
		{0E25E724-E0AB-4F13-B14A-671139178E95}.Release|Any CPU.Build.0 = Release|Any CPU
		{F2D42E98-AF50-4D22-915C-8BC3633D91B5}.Debug|Any CPU.ActiveCfg = Debug|Any CPU
		{F2D42E98-AF50-4D22-915C-8BC3633D91B5}.Debug|Any CPU.Build.0 = Debug|Any CPU
		{F2D42E98-AF50-4D22-915C-8BC3633D91B5}.Release|Any CPU.ActiveCfg = Release|Any CPU
		{F2D42E98-AF50-4D22-915C-8BC3633D91B5}.Release|Any CPU.Build.0 = Release|Any CPU
		{D58CB134-95A2-4117-B459-99B4A62FA75F}.Debug|Any CPU.ActiveCfg = Debug|Any CPU
		{D58CB134-95A2-4117-B459-99B4A62FA75F}.Debug|Any CPU.Build.0 = Debug|Any CPU
		{D58CB134-95A2-4117-B459-99B4A62FA75F}.Release|Any CPU.ActiveCfg = Release|Any CPU
		{D58CB134-95A2-4117-B459-99B4A62FA75F}.Release|Any CPU.Build.0 = Release|Any CPU
		{9AD5E0FF-AB5C-4215-86EF-2196378CEBCB}.Debug|Any CPU.ActiveCfg = Debug|Any CPU
		{9AD5E0FF-AB5C-4215-86EF-2196378CEBCB}.Debug|Any CPU.Build.0 = Debug|Any CPU
		{9AD5E0FF-AB5C-4215-86EF-2196378CEBCB}.Release|Any CPU.ActiveCfg = Release|Any CPU
		{9AD5E0FF-AB5C-4215-86EF-2196378CEBCB}.Release|Any CPU.Build.0 = Release|Any CPU
		{D693F686-9CDB-4F38-A7F6-2FFB58D51CF4}.Debug|Any CPU.ActiveCfg = Debug|Any CPU
		{D693F686-9CDB-4F38-A7F6-2FFB58D51CF4}.Debug|Any CPU.Build.0 = Debug|Any CPU
		{D693F686-9CDB-4F38-A7F6-2FFB58D51CF4}.Release|Any CPU.ActiveCfg = Release|Any CPU
		{D693F686-9CDB-4F38-A7F6-2FFB58D51CF4}.Release|Any CPU.Build.0 = Release|Any CPU
		{8B082623-CE7B-4E24-9DBE-42A588ECC5DB}.Debug|Any CPU.ActiveCfg = Debug|Any CPU
		{8B082623-CE7B-4E24-9DBE-42A588ECC5DB}.Debug|Any CPU.Build.0 = Debug|Any CPU
		{8B082623-CE7B-4E24-9DBE-42A588ECC5DB}.Release|Any CPU.ActiveCfg = Release|Any CPU
		{8B082623-CE7B-4E24-9DBE-42A588ECC5DB}.Release|Any CPU.Build.0 = Release|Any CPU
		{85520D04-9422-440F-AB60-69B6AFC66C6D}.Debug|Any CPU.ActiveCfg = Debug|Any CPU
		{85520D04-9422-440F-AB60-69B6AFC66C6D}.Debug|Any CPU.Build.0 = Debug|Any CPU
		{85520D04-9422-440F-AB60-69B6AFC66C6D}.Release|Any CPU.ActiveCfg = Release|Any CPU
		{85520D04-9422-440F-AB60-69B6AFC66C6D}.Release|Any CPU.Build.0 = Release|Any CPU
		{04AACD96-EBC0-4FF4-B430-7BCC8D446444}.Debug|Any CPU.ActiveCfg = Debug|Any CPU
		{04AACD96-EBC0-4FF4-B430-7BCC8D446444}.Debug|Any CPU.Build.0 = Debug|Any CPU
		{04AACD96-EBC0-4FF4-B430-7BCC8D446444}.Release|Any CPU.ActiveCfg = Release|Any CPU
		{04AACD96-EBC0-4FF4-B430-7BCC8D446444}.Release|Any CPU.Build.0 = Release|Any CPU
	EndGlobalSection
	GlobalSection(SolutionProperties) = preSolution
		HideSolutionNode = FALSE
	EndGlobalSection
	GlobalSection(NestedProjects) = preSolution
		{A5391BFA-AD60-4A82-B551-38925C313404} = {064691BC-FBBF-4663-9D9E-DF085544ACBD}
		{D04AB27B-D750-4BD3-AACE-F9CABD663B27} = {A5FE0F0A-F0E1-42EB-828C-D7178283019C}
		{66D987D2-5EF8-4AFA-A92B-42EE4D6B8BB2} = {064691BC-FBBF-4663-9D9E-DF085544ACBD}
		{0E25E724-E0AB-4F13-B14A-671139178E95} = {828F1F08-A370-4943-A5A2-EC2BC203036F}
		{F2D42E98-AF50-4D22-915C-8BC3633D91B5} = {828F1F08-A370-4943-A5A2-EC2BC203036F}
		{D58CB134-95A2-4117-B459-99B4A62FA75F} = {828F1F08-A370-4943-A5A2-EC2BC203036F}
		{9AD5E0FF-AB5C-4215-86EF-2196378CEBCB} = {828F1F08-A370-4943-A5A2-EC2BC203036F}
		{D693F686-9CDB-4F38-A7F6-2FFB58D51CF4} = {064691BC-FBBF-4663-9D9E-DF085544ACBD}
		{8B082623-CE7B-4E24-9DBE-42A588ECC5DB} = {064691BC-FBBF-4663-9D9E-DF085544ACBD}
		{85520D04-9422-440F-AB60-69B6AFC66C6D} = {D228B14F-B8D9-44D5-8359-0522676CDC99}
		{04AACD96-EBC0-4FF4-B430-7BCC8D446444} = {828F1F08-A370-4943-A5A2-EC2BC203036F}
	EndGlobalSection
	GlobalSection(ExtensibilityGlobals) = postSolution
		SolutionGuid = {56A9E519-96D0-4501-BFA5-124D2CE75D4B}
	EndGlobalSection
EndGlobal
